// !$*UTF8*$!
{
	archiveVersion = 1;
	classes = {
	};
	objectVersion = 50;
	objects = {

/* Begin PBXBuildFile section */
		0DDAD46C209F18C5002B865E /* AppDelegate.swift in Sources */ = {isa = PBXBuildFile; fileRef = 0DDAD46B209F18C5002B865E /* AppDelegate.swift */; };
		0DDAD473209F18C6002B865E /* Assets.xcassets in Resources */ = {isa = PBXBuildFile; fileRef = 0DDAD472209F18C6002B865E /* Assets.xcassets */; };
		0DDAD476209F18C6002B865E /* LaunchScreen.storyboard in Resources */ = {isa = PBXBuildFile; fileRef = 0DDAD474209F18C6002B865E /* LaunchScreen.storyboard */; };
		0DDAD487209F1A6A002B865E /* MainViewController.swift in Sources */ = {isa = PBXBuildFile; fileRef = 0DDAD486209F1A6A002B865E /* MainViewController.swift */; };
		0DDAD48A209F1ADD002B865E /* ColorPalette.swift in Sources */ = {isa = PBXBuildFile; fileRef = 0DDAD489209F1ADD002B865E /* ColorPalette.swift */; };
		0DDAD48C209F1B0F002B865E /* UIColorExtensions.swift in Sources */ = {isa = PBXBuildFile; fileRef = 0DDAD48B209F1B0F002B865E /* UIColorExtensions.swift */; };
		0DDAD490209F1F08002B865E /* BaseNavigationController.swift in Sources */ = {isa = PBXBuildFile; fileRef = 0DDAD48F209F1F08002B865E /* BaseNavigationController.swift */; };
		0DDAD492209F1F8F002B865E /* BaseViewController.swift in Sources */ = {isa = PBXBuildFile; fileRef = 0DDAD491209F1F8F002B865E /* BaseViewController.swift */; };
		0DDAD494209F308F002B865E /* NetworkManager.swift in Sources */ = {isa = PBXBuildFile; fileRef = 0DDAD493209F308F002B865E /* NetworkManager.swift */; };
		0DDAD497209F32AD002B865E /* FeedElementDraft.swift in Sources */ = {isa = PBXBuildFile; fileRef = 0DDAD496209F32AD002B865E /* FeedElementDraft.swift */; };
		0DDAD499209F3744002B865E /* DataExtensions.swift in Sources */ = {isa = PBXBuildFile; fileRef = 0DDAD498209F3744002B865E /* DataExtensions.swift */; };
		0DDAD49B209F3F75002B865E /* FeedElementsResponse.swift in Sources */ = {isa = PBXBuildFile; fileRef = 0DDAD49A209F3F75002B865E /* FeedElementsResponse.swift */; };
		0DDAD49F209F400F002B865E /* FeedPhoto.swift in Sources */ = {isa = PBXBuildFile; fileRef = 0DDAD49E209F400F002B865E /* FeedPhoto.swift */; };
		0DDAD4A3209F4411002B865E /* MediaBundle.swift in Sources */ = {isa = PBXBuildFile; fileRef = 0DDAD4A2209F4411002B865E /* MediaBundle.swift */; };
		0DDAD4A6209F5563002B865E /* PhotoCell.swift in Sources */ = {isa = PBXBuildFile; fileRef = 0DDAD4A5209F5563002B865E /* PhotoCell.swift */; };
		0DDAD4AA209F55EB002B865E /* Identifiable.swift in Sources */ = {isa = PBXBuildFile; fileRef = 0DDAD4A9209F55EB002B865E /* Identifiable.swift */; };
		0DDAD4AC209F6ABC002B865E /* PhotoInformationView.swift in Sources */ = {isa = PBXBuildFile; fileRef = 0DDAD4AB209F6ABC002B865E /* PhotoInformationView.swift */; };
		0DDAD4AE209F74C0002B865E /* DateFormatterExtensions.swift in Sources */ = {isa = PBXBuildFile; fileRef = 0DDAD4AD209F74C0002B865E /* DateFormatterExtensions.swift */; };
		474579398CC0D8B95E2B7187 /* Pods_flickr.framework in Frameworks */ = {isa = PBXBuildFile; fileRef = E84984FBBE749F9F2356F50D /* Pods_flickr.framework */; };
/* End PBXBuildFile section */

/* Begin PBXFileReference section */
		0DDAD468209F18C5002B865E /* flickr.app */ = {isa = PBXFileReference; explicitFileType = wrapper.application; includeInIndex = 0; path = flickr.app; sourceTree = BUILT_PRODUCTS_DIR; };
		0DDAD46B209F18C5002B865E /* AppDelegate.swift */ = {isa = PBXFileReference; lastKnownFileType = sourcecode.swift; path = AppDelegate.swift; sourceTree = "<group>"; };
		0DDAD472209F18C6002B865E /* Assets.xcassets */ = {isa = PBXFileReference; lastKnownFileType = folder.assetcatalog; path = Assets.xcassets; sourceTree = "<group>"; };
		0DDAD475209F18C6002B865E /* Base */ = {isa = PBXFileReference; lastKnownFileType = file.storyboard; name = Base; path = Base.lproj/LaunchScreen.storyboard; sourceTree = "<group>"; };
		0DDAD477209F18C6002B865E /* Info.plist */ = {isa = PBXFileReference; lastKnownFileType = text.plist.xml; path = Info.plist; sourceTree = "<group>"; };
		0DDAD486209F1A6A002B865E /* MainViewController.swift */ = {isa = PBXFileReference; lastKnownFileType = sourcecode.swift; path = MainViewController.swift; sourceTree = "<group>"; };
		0DDAD489209F1ADD002B865E /* ColorPalette.swift */ = {isa = PBXFileReference; lastKnownFileType = sourcecode.swift; path = ColorPalette.swift; sourceTree = "<group>"; };
		0DDAD48B209F1B0F002B865E /* UIColorExtensions.swift */ = {isa = PBXFileReference; lastKnownFileType = sourcecode.swift; path = UIColorExtensions.swift; sourceTree = "<group>"; };
		0DDAD48F209F1F08002B865E /* BaseNavigationController.swift */ = {isa = PBXFileReference; lastKnownFileType = sourcecode.swift; path = BaseNavigationController.swift; sourceTree = "<group>"; };
		0DDAD491209F1F8F002B865E /* BaseViewController.swift */ = {isa = PBXFileReference; lastKnownFileType = sourcecode.swift; path = BaseViewController.swift; sourceTree = "<group>"; };
		0DDAD493209F308F002B865E /* NetworkManager.swift */ = {isa = PBXFileReference; lastKnownFileType = sourcecode.swift; path = NetworkManager.swift; sourceTree = "<group>"; };
		0DDAD496209F32AD002B865E /* FeedElementDraft.swift */ = {isa = PBXFileReference; lastKnownFileType = sourcecode.swift; path = FeedElementDraft.swift; sourceTree = "<group>"; };
		0DDAD498209F3744002B865E /* DataExtensions.swift */ = {isa = PBXFileReference; lastKnownFileType = sourcecode.swift; path = DataExtensions.swift; sourceTree = "<group>"; };
		0DDAD49A209F3F75002B865E /* FeedElementsResponse.swift */ = {isa = PBXFileReference; lastKnownFileType = sourcecode.swift; path = FeedElementsResponse.swift; sourceTree = "<group>"; };
		0DDAD49E209F400F002B865E /* FeedPhoto.swift */ = {isa = PBXFileReference; lastKnownFileType = sourcecode.swift; path = FeedPhoto.swift; sourceTree = "<group>"; };
		0DDAD4A2209F4411002B865E /* MediaBundle.swift */ = {isa = PBXFileReference; lastKnownFileType = sourcecode.swift; path = MediaBundle.swift; sourceTree = "<group>"; };
		0DDAD4A5209F5563002B865E /* PhotoCell.swift */ = {isa = PBXFileReference; lastKnownFileType = sourcecode.swift; path = PhotoCell.swift; sourceTree = "<group>"; };
		0DDAD4A9209F55EB002B865E /* Identifiable.swift */ = {isa = PBXFileReference; lastKnownFileType = sourcecode.swift; path = Identifiable.swift; sourceTree = "<group>"; };
		0DDAD4AB209F6ABC002B865E /* PhotoInformationView.swift */ = {isa = PBXFileReference; lastKnownFileType = sourcecode.swift; path = PhotoInformationView.swift; sourceTree = "<group>"; };
		0DDAD4AD209F74C0002B865E /* DateFormatterExtensions.swift */ = {isa = PBXFileReference; lastKnownFileType = sourcecode.swift; path = DateFormatterExtensions.swift; sourceTree = "<group>"; };
		326D496273D04F64EAB7489C /* Pods-flickr.debug.xcconfig */ = {isa = PBXFileReference; includeInIndex = 1; lastKnownFileType = text.xcconfig; name = "Pods-flickr.debug.xcconfig"; path = "Pods/Target Support Files/Pods-flickr/Pods-flickr.debug.xcconfig"; sourceTree = "<group>"; };
		685DC8B3A31ED19D00D89CFA /* Pods-flickr.release.xcconfig */ = {isa = PBXFileReference; includeInIndex = 1; lastKnownFileType = text.xcconfig; name = "Pods-flickr.release.xcconfig"; path = "Pods/Target Support Files/Pods-flickr/Pods-flickr.release.xcconfig"; sourceTree = "<group>"; };
		E84984FBBE749F9F2356F50D /* Pods_flickr.framework */ = {isa = PBXFileReference; explicitFileType = wrapper.framework; includeInIndex = 0; path = Pods_flickr.framework; sourceTree = BUILT_PRODUCTS_DIR; };
/* End PBXFileReference section */

/* Begin PBXFrameworksBuildPhase section */
		0DDAD465209F18C5002B865E /* Frameworks */ = {
			isa = PBXFrameworksBuildPhase;
			buildActionMask = 2147483647;
			files = (
				474579398CC0D8B95E2B7187 /* Pods_flickr.framework in Frameworks */,
			);
			runOnlyForDeploymentPostprocessing = 0;
		};
/* End PBXFrameworksBuildPhase section */

/* Begin PBXGroup section */
		0DDAD45F209F18C5002B865E = {
			isa = PBXGroup;
			children = (
				0DDAD47F209F19AE002B865E /* Classes */,
				0DDAD47E209F19A6002B865E /* Support */,
				0DDAD47D209F1999002B865E /* Resources */,
				0DDAD469209F18C5002B865E /* Products */,
				EF88056C53F305AC9738ABDC /* Pods */,
				F184168F8AF7363534AC4F3A /* Frameworks */,
			);
			sourceTree = "<group>";
		};
		0DDAD469209F18C5002B865E /* Products */ = {
			isa = PBXGroup;
			children = (
				0DDAD468209F18C5002B865E /* flickr.app */,
			);
			name = Products;
			sourceTree = "<group>";
		};
		0DDAD47D209F1999002B865E /* Resources */ = {
			isa = PBXGroup;
			children = (
				0DDAD485209F1A23002B865E /* Storyboards */,
				0DDAD484209F1A1F002B865E /* Media */,
			);
			path = Resources;
			sourceTree = "<group>";
		};
		0DDAD47E209F19A6002B865E /* Support */ = {
			isa = PBXGroup;
			children = (
				0DDAD477209F18C6002B865E /* Info.plist */,
			);
			path = Support;
			sourceTree = "<group>";
		};
		0DDAD47F209F19AE002B865E /* Classes */ = {
			isa = PBXGroup;
			children = (
				0DDAD480209F19B4002B865E /* Controllers */,
				0DDAD481209F19BB002B865E /* Delegates */,
				0DDAD495209F3295002B865E /* Drafts */,
				0DDAD488209F1A8E002B865E /* Extensions */,
				0DDAD482209F19CB002B865E /* Managers */,
				0DDAD483209F19CF002B865E /* Models */,
				0DDAD4A8209F55D7002B865E /* Protocols */,
				0DDAD48D209F1B36002B865E /* Style */,
				0DDAD4A4209F554C002B865E /* Views */,
			);
			path = Classes;
			sourceTree = "<group>";
		};
		0DDAD480209F19B4002B865E /* Controllers */ = {
			isa = PBXGroup;
			children = (
				0DDAD48E209F1EEA002B865E /* Common */,
				0DDAD486209F1A6A002B865E /* MainViewController.swift */,
			);
			path = Controllers;
			sourceTree = "<group>";
		};
		0DDAD481209F19BB002B865E /* Delegates */ = {
			isa = PBXGroup;
			children = (
				0DDAD46B209F18C5002B865E /* AppDelegate.swift */,
			);
			path = Delegates;
			sourceTree = "<group>";
		};
		0DDAD482209F19CB002B865E /* Managers */ = {
			isa = PBXGroup;
			children = (
				0DDAD493209F308F002B865E /* NetworkManager.swift */,
			);
			path = Managers;
			sourceTree = "<group>";
		};
		0DDAD483209F19CF002B865E /* Models */ = {
			isa = PBXGroup;
			children = (
				0DDAD49A209F3F75002B865E /* FeedElementsResponse.swift */,
				0DDAD49E209F400F002B865E /* FeedPhoto.swift */,
				0DDAD4A2209F4411002B865E /* MediaBundle.swift */,
			);
			path = Models;
			sourceTree = "<group>";
		};
		0DDAD484209F1A1F002B865E /* Media */ = {
			isa = PBXGroup;
			children = (
				0DDAD472209F18C6002B865E /* Assets.xcassets */,
			);
			path = Media;
			sourceTree = "<group>";
		};
		0DDAD485209F1A23002B865E /* Storyboards */ = {
			isa = PBXGroup;
			children = (
				0DDAD474209F18C6002B865E /* LaunchScreen.storyboard */,
			);
			path = Storyboards;
			sourceTree = "<group>";
		};
		0DDAD488209F1A8E002B865E /* Extensions */ = {
			isa = PBXGroup;
			children = (
				0DDAD498209F3744002B865E /* DataExtensions.swift */,
				0DDAD48B209F1B0F002B865E /* UIColorExtensions.swift */,
				0DDAD4AD209F74C0002B865E /* DateFormatterExtensions.swift */,
			);
			path = Extensions;
			sourceTree = "<group>";
		};
		0DDAD48D209F1B36002B865E /* Style */ = {
			isa = PBXGroup;
			children = (
				0DDAD489209F1ADD002B865E /* ColorPalette.swift */,
			);
			path = Style;
			sourceTree = "<group>";
		};
		0DDAD48E209F1EEA002B865E /* Common */ = {
			isa = PBXGroup;
			children = (
				0DDAD48F209F1F08002B865E /* BaseNavigationController.swift */,
				0DDAD491209F1F8F002B865E /* BaseViewController.swift */,
			);
			path = Common;
			sourceTree = "<group>";
		};
		0DDAD495209F3295002B865E /* Drafts */ = {
			isa = PBXGroup;
			children = (
				0DDAD496209F32AD002B865E /* FeedElementDraft.swift */,
			);
			path = Drafts;
			sourceTree = "<group>";
		};
		0DDAD4A4209F554C002B865E /* Views */ = {
			isa = PBXGroup;
			children = (
				0DDAD4A5209F5563002B865E /* PhotoCell.swift */,
				0DDAD4AB209F6ABC002B865E /* PhotoInformationView.swift */,
			);
			path = Views;
			sourceTree = "<group>";
		};
		0DDAD4A8209F55D7002B865E /* Protocols */ = {
			isa = PBXGroup;
			children = (
				0DDAD4A9209F55EB002B865E /* Identifiable.swift */,
			);
			path = Protocols;
			sourceTree = "<group>";
		};
		EF88056C53F305AC9738ABDC /* Pods */ = {
			isa = PBXGroup;
			children = (
				326D496273D04F64EAB7489C /* Pods-flickr.debug.xcconfig */,
				685DC8B3A31ED19D00D89CFA /* Pods-flickr.release.xcconfig */,
			);
			name = Pods;
			sourceTree = "<group>";
		};
		F184168F8AF7363534AC4F3A /* Frameworks */ = {
			isa = PBXGroup;
			children = (
				E84984FBBE749F9F2356F50D /* Pods_flickr.framework */,
			);
			name = Frameworks;
			sourceTree = "<group>";
		};
/* End PBXGroup section */

/* Begin PBXNativeTarget section */
		0DDAD467209F18C5002B865E /* flickr */ = {
			isa = PBXNativeTarget;
			buildConfigurationList = 0DDAD47A209F18C6002B865E /* Build configuration list for PBXNativeTarget "flickr" */;
			buildPhases = (
				05E982FF0185DABCF480B594 /* [CP] Check Pods Manifest.lock */,
				0DDAD464209F18C5002B865E /* Sources */,
				0DDAD465209F18C5002B865E /* Frameworks */,
				0DDAD466209F18C5002B865E /* Resources */,
				D4CB56086EB069BD098CF177 /* [CP] Embed Pods Frameworks */,
			);
			buildRules = (
			);
			dependencies = (
			);
			name = flickr;
			productName = flickr;
			productReference = 0DDAD468209F18C5002B865E /* flickr.app */;
			productType = "com.apple.product-type.application";
		};
/* End PBXNativeTarget section */

/* Begin PBXProject section */
		0DDAD460209F18C5002B865E /* Project object */ = {
			isa = PBXProject;
			attributes = {
				LastSwiftUpdateCheck = 0930;
				LastUpgradeCheck = 0930;
				ORGANIZATIONNAME = tretton37;
				TargetAttributes = {
					0DDAD467209F18C5002B865E = {
						CreatedOnToolsVersion = 9.3;
					};
				};
			};
			buildConfigurationList = 0DDAD463209F18C5002B865E /* Build configuration list for PBXProject "flickr" */;
			compatibilityVersion = "Xcode 9.3";
			developmentRegion = en;
			hasScannedForEncodings = 0;
			knownRegions = (
				en,
				Base,
			);
			mainGroup = 0DDAD45F209F18C5002B865E;
			productRefGroup = 0DDAD469209F18C5002B865E /* Products */;
			projectDirPath = "";
			projectRoot = "";
			targets = (
				0DDAD467209F18C5002B865E /* flickr */,
			);
		};
/* End PBXProject section */

/* Begin PBXResourcesBuildPhase section */
		0DDAD466209F18C5002B865E /* Resources */ = {
			isa = PBXResourcesBuildPhase;
			buildActionMask = 2147483647;
			files = (
				0DDAD476209F18C6002B865E /* LaunchScreen.storyboard in Resources */,
				0DDAD473209F18C6002B865E /* Assets.xcassets in Resources */,
			);
			runOnlyForDeploymentPostprocessing = 0;
		};
/* End PBXResourcesBuildPhase section */

/* Begin PBXShellScriptBuildPhase section */
		05E982FF0185DABCF480B594 /* [CP] Check Pods Manifest.lock */ = {
			isa = PBXShellScriptBuildPhase;
			buildActionMask = 2147483647;
			files = (
			);
			inputPaths = (
				"${PODS_PODFILE_DIR_PATH}/Podfile.lock",
				"${PODS_ROOT}/Manifest.lock",
			);
			name = "[CP] Check Pods Manifest.lock";
			outputPaths = (
				"$(DERIVED_FILE_DIR)/Pods-flickr-checkManifestLockResult.txt",
			);
			runOnlyForDeploymentPostprocessing = 0;
			shellPath = /bin/sh;
			shellScript = "diff \"${PODS_PODFILE_DIR_PATH}/Podfile.lock\" \"${PODS_ROOT}/Manifest.lock\" > /dev/null\nif [ $? != 0 ] ; then\n    # print error to STDERR\n    echo \"error: The sandbox is not in sync with the Podfile.lock. Run 'pod install' or update your CocoaPods installation.\" >&2\n    exit 1\nfi\n# This output is used by Xcode 'outputs' to avoid re-running this script phase.\necho \"SUCCESS\" > \"${SCRIPT_OUTPUT_FILE_0}\"\n";
			showEnvVarsInLog = 0;
		};
		D4CB56086EB069BD098CF177 /* [CP] Embed Pods Frameworks */ = {
			isa = PBXShellScriptBuildPhase;
			buildActionMask = 2147483647;
			files = (
			);
			inputPaths = (
				"${SRCROOT}/Pods/Target Support Files/Pods-flickr/Pods-flickr-frameworks.sh",
				"${BUILT_PRODUCTS_DIR}/Alamofire/Alamofire.framework",
				"${BUILT_PRODUCTS_DIR}/Kingfisher/Kingfisher.framework",
				"${BUILT_PRODUCTS_DIR}/SnapKit/SnapKit.framework",
			);
			name = "[CP] Embed Pods Frameworks";
			outputPaths = (
				"${TARGET_BUILD_DIR}/${FRAMEWORKS_FOLDER_PATH}/Alamofire.framework",
				"${TARGET_BUILD_DIR}/${FRAMEWORKS_FOLDER_PATH}/Kingfisher.framework",
				"${TARGET_BUILD_DIR}/${FRAMEWORKS_FOLDER_PATH}/SnapKit.framework",
			);
			runOnlyForDeploymentPostprocessing = 0;
			shellPath = /bin/sh;
			shellScript = "\"${SRCROOT}/Pods/Target Support Files/Pods-flickr/Pods-flickr-frameworks.sh\"\n";
			showEnvVarsInLog = 0;
		};
/* End PBXShellScriptBuildPhase section */

/* Begin PBXSourcesBuildPhase section */
		0DDAD464209F18C5002B865E /* Sources */ = {
			isa = PBXSourcesBuildPhase;
			buildActionMask = 2147483647;
			files = (
				0DDAD49F209F400F002B865E /* FeedPhoto.swift in Sources */,
				0DDAD497209F32AD002B865E /* FeedElementDraft.swift in Sources */,
				0DDAD4AC209F6ABC002B865E /* PhotoInformationView.swift in Sources */,
				0DDAD46C209F18C5002B865E /* AppDelegate.swift in Sources */,
				0DDAD487209F1A6A002B865E /* MainViewController.swift in Sources */,
				0DDAD48A209F1ADD002B865E /* ColorPalette.swift in Sources */,
				0DDAD494209F308F002B865E /* NetworkManager.swift in Sources */,
				0DDAD4A6209F5563002B865E /* PhotoCell.swift in Sources */,
				0DDAD499209F3744002B865E /* DataExtensions.swift in Sources */,
				0DDAD490209F1F08002B865E /* BaseNavigationController.swift in Sources */,
				0DDAD4AE209F74C0002B865E /* DateFormatterExtensions.swift in Sources */,
				0DDAD49B209F3F75002B865E /* FeedElementsResponse.swift in Sources */,
				0DDAD48C209F1B0F002B865E /* UIColorExtensions.swift in Sources */,
				0DDAD4AA209F55EB002B865E /* Identifiable.swift in Sources */,
				0DDAD4A3209F4411002B865E /* MediaBundle.swift in Sources */,
				0DDAD492209F1F8F002B865E /* BaseViewController.swift in Sources */,
			);
			runOnlyForDeploymentPostprocessing = 0;
		};
/* End PBXSourcesBuildPhase section */

/* Begin PBXVariantGroup section */
		0DDAD474209F18C6002B865E /* LaunchScreen.storyboard */ = {
			isa = PBXVariantGroup;
			children = (
				0DDAD475209F18C6002B865E /* Base */,
			);
			name = LaunchScreen.storyboard;
			sourceTree = "<group>";
		};
/* End PBXVariantGroup section */

/* Begin XCBuildConfiguration section */
		0DDAD478209F18C6002B865E /* Debug */ = {
			isa = XCBuildConfiguration;
			buildSettings = {
				ALWAYS_SEARCH_USER_PATHS = NO;
				CLANG_ANALYZER_NONNULL = YES;
				CLANG_ANALYZER_NUMBER_OBJECT_CONVERSION = YES_AGGRESSIVE;
				CLANG_CXX_LANGUAGE_STANDARD = "gnu++14";
				CLANG_CXX_LIBRARY = "libc++";
				CLANG_ENABLE_MODULES = YES;
				CLANG_ENABLE_OBJC_ARC = YES;
				CLANG_ENABLE_OBJC_WEAK = YES;
				CLANG_WARN_BLOCK_CAPTURE_AUTORELEASING = YES;
				CLANG_WARN_BOOL_CONVERSION = YES;
				CLANG_WARN_COMMA = YES;
				CLANG_WARN_CONSTANT_CONVERSION = YES;
				CLANG_WARN_DEPRECATED_OBJC_IMPLEMENTATIONS = YES;
				CLANG_WARN_DIRECT_OBJC_ISA_USAGE = YES_ERROR;
				CLANG_WARN_DOCUMENTATION_COMMENTS = YES;
				CLANG_WARN_EMPTY_BODY = YES;
				CLANG_WARN_ENUM_CONVERSION = YES;
				CLANG_WARN_INFINITE_RECURSION = YES;
				CLANG_WARN_INT_CONVERSION = YES;
				CLANG_WARN_NON_LITERAL_NULL_CONVERSION = YES;
				CLANG_WARN_OBJC_IMPLICIT_RETAIN_SELF = YES;
				CLANG_WARN_OBJC_LITERAL_CONVERSION = YES;
				CLANG_WARN_OBJC_ROOT_CLASS = YES_ERROR;
				CLANG_WARN_RANGE_LOOP_ANALYSIS = YES;
				CLANG_WARN_STRICT_PROTOTYPES = YES;
				CLANG_WARN_SUSPICIOUS_MOVE = YES;
				CLANG_WARN_UNGUARDED_AVAILABILITY = YES_AGGRESSIVE;
				CLANG_WARN_UNREACHABLE_CODE = YES;
				CLANG_WARN__DUPLICATE_METHOD_MATCH = YES;
				CODE_SIGN_IDENTITY = "iPhone Developer";
				COPY_PHASE_STRIP = NO;
				DEBUG_INFORMATION_FORMAT = dwarf;
				ENABLE_STRICT_OBJC_MSGSEND = YES;
				ENABLE_TESTABILITY = YES;
				GCC_C_LANGUAGE_STANDARD = gnu11;
				GCC_DYNAMIC_NO_PIC = NO;
				GCC_NO_COMMON_BLOCKS = YES;
				GCC_OPTIMIZATION_LEVEL = 0;
				GCC_PREPROCESSOR_DEFINITIONS = (
					"DEBUG=1",
					"$(inherited)",
				);
				GCC_WARN_64_TO_32_BIT_CONVERSION = YES;
				GCC_WARN_ABOUT_RETURN_TYPE = YES_ERROR;
				GCC_WARN_UNDECLARED_SELECTOR = YES;
				GCC_WARN_UNINITIALIZED_AUTOS = YES_AGGRESSIVE;
				GCC_WARN_UNUSED_FUNCTION = YES;
				GCC_WARN_UNUSED_VARIABLE = YES;
				IPHONEOS_DEPLOYMENT_TARGET = 11.3;
				MTL_ENABLE_DEBUG_INFO = YES;
				ONLY_ACTIVE_ARCH = YES;
				SDKROOT = iphoneos;
				SWIFT_ACTIVE_COMPILATION_CONDITIONS = DEBUG;
				SWIFT_OPTIMIZATION_LEVEL = "-Onone";
			};
			name = Debug;
		};
		0DDAD479209F18C6002B865E /* Release */ = {
			isa = XCBuildConfiguration;
			buildSettings = {
				ALWAYS_SEARCH_USER_PATHS = NO;
				CLANG_ANALYZER_NONNULL = YES;
				CLANG_ANALYZER_NUMBER_OBJECT_CONVERSION = YES_AGGRESSIVE;
				CLANG_CXX_LANGUAGE_STANDARD = "gnu++14";
				CLANG_CXX_LIBRARY = "libc++";
				CLANG_ENABLE_MODULES = YES;
				CLANG_ENABLE_OBJC_ARC = YES;
				CLANG_ENABLE_OBJC_WEAK = YES;
				CLANG_WARN_BLOCK_CAPTURE_AUTORELEASING = YES;
				CLANG_WARN_BOOL_CONVERSION = YES;
				CLANG_WARN_COMMA = YES;
				CLANG_WARN_CONSTANT_CONVERSION = YES;
				CLANG_WARN_DEPRECATED_OBJC_IMPLEMENTATIONS = YES;
				CLANG_WARN_DIRECT_OBJC_ISA_USAGE = YES_ERROR;
				CLANG_WARN_DOCUMENTATION_COMMENTS = YES;
				CLANG_WARN_EMPTY_BODY = YES;
				CLANG_WARN_ENUM_CONVERSION = YES;
				CLANG_WARN_INFINITE_RECURSION = YES;
				CLANG_WARN_INT_CONVERSION = YES;
				CLANG_WARN_NON_LITERAL_NULL_CONVERSION = YES;
				CLANG_WARN_OBJC_IMPLICIT_RETAIN_SELF = YES;
				CLANG_WARN_OBJC_LITERAL_CONVERSION = YES;
				CLANG_WARN_OBJC_ROOT_CLASS = YES_ERROR;
				CLANG_WARN_RANGE_LOOP_ANALYSIS = YES;
				CLANG_WARN_STRICT_PROTOTYPES = YES;
				CLANG_WARN_SUSPICIOUS_MOVE = YES;
				CLANG_WARN_UNGUARDED_AVAILABILITY = YES_AGGRESSIVE;
				CLANG_WARN_UNREACHABLE_CODE = YES;
				CLANG_WARN__DUPLICATE_METHOD_MATCH = YES;
				CODE_SIGN_IDENTITY = "iPhone Developer";
				COPY_PHASE_STRIP = NO;
				DEBUG_INFORMATION_FORMAT = "dwarf-with-dsym";
				ENABLE_NS_ASSERTIONS = NO;
				ENABLE_STRICT_OBJC_MSGSEND = YES;
				GCC_C_LANGUAGE_STANDARD = gnu11;
				GCC_NO_COMMON_BLOCKS = YES;
				GCC_WARN_64_TO_32_BIT_CONVERSION = YES;
				GCC_WARN_ABOUT_RETURN_TYPE = YES_ERROR;
				GCC_WARN_UNDECLARED_SELECTOR = YES;
				GCC_WARN_UNINITIALIZED_AUTOS = YES_AGGRESSIVE;
				GCC_WARN_UNUSED_FUNCTION = YES;
				GCC_WARN_UNUSED_VARIABLE = YES;
				IPHONEOS_DEPLOYMENT_TARGET = 11.3;
				MTL_ENABLE_DEBUG_INFO = NO;
				SDKROOT = iphoneos;
				SWIFT_COMPILATION_MODE = wholemodule;
				SWIFT_OPTIMIZATION_LEVEL = "-O";
				VALIDATE_PRODUCT = YES;
			};
			name = Release;
		};
		0DDAD47B209F18C6002B865E /* Debug */ = {
			isa = XCBuildConfiguration;
			baseConfigurationReference = 326D496273D04F64EAB7489C /* Pods-flickr.debug.xcconfig */;
			buildSettings = {
				ASSETCATALOG_COMPILER_APPICON_NAME = AppIcon;
				CODE_SIGN_STYLE = Automatic;
				INFOPLIST_FILE = "$(SRCROOT)/Support/Info.plist";
				IPHONEOS_DEPLOYMENT_TARGET = 11.3;
				LD_RUNPATH_SEARCH_PATHS = (
					"$(inherited)",
					"@executable_path/Frameworks",
				);
				PRODUCT_BUNDLE_IDENTIFIER = com.tretton37.flickr;
				PRODUCT_NAME = "$(TARGET_NAME)";
				SWIFT_VERSION = 4.0;
				TARGETED_DEVICE_FAMILY = 1;
			};
			name = Debug;
		};
		0DDAD47C209F18C6002B865E /* Release */ = {
			isa = XCBuildConfiguration;
			baseConfigurationReference = 685DC8B3A31ED19D00D89CFA /* Pods-flickr.release.xcconfig */;
			buildSettings = {
				ASSETCATALOG_COMPILER_APPICON_NAME = AppIcon;
				CODE_SIGN_STYLE = Automatic;
				INFOPLIST_FILE = "$(SRCROOT)/Support/Info.plist";
				IPHONEOS_DEPLOYMENT_TARGET = 11.3;
				LD_RUNPATH_SEARCH_PATHS = (
					"$(inherited)",
					"@executable_path/Frameworks",
				);
				PRODUCT_BUNDLE_IDENTIFIER = com.tretton37.flickr;
				PRODUCT_NAME = "$(TARGET_NAME)";
				SWIFT_VERSION = 4.0;
				TARGETED_DEVICE_FAMILY = 1;
			};
			name = Release;
		};
/* End XCBuildConfiguration section */

/* Begin XCConfigurationList section */
		0DDAD463209F18C5002B865E /* Build configuration list for PBXProject "flickr" */ = {
			isa = XCConfigurationList;
			buildConfigurations = (
				0DDAD478209F18C6002B865E /* Debug */,
				0DDAD479209F18C6002B865E /* Release */,
			);
			defaultConfigurationIsVisible = 0;
			defaultConfigurationName = Release;
		};
		0DDAD47A209F18C6002B865E /* Build configuration list for PBXNativeTarget "flickr" */ = {
			isa = XCConfigurationList;
			buildConfigurations = (
				0DDAD47B209F18C6002B865E /* Debug */,
				0DDAD47C209F18C6002B865E /* Release */,
			);
			defaultConfigurationIsVisible = 0;
			defaultConfigurationName = Release;
		};
/* End XCConfigurationList section */
	};
	rootObject = 0DDAD460209F18C5002B865E /* Project object */;
}
